
Microsoft Visual Studio Solution File, Format Version 12.00
# Visual Studio Version 17
VisualStudioVersion = 17.3.32819.101
MinimumVisualStudioVersion = 10.0.40219.1
Project("{FAE04EC0-301F-11D3-BF4B-00C04F79EFBC}") = "csharp-assignment-1", "csharp-assignment-1\csharp-assignment-1.csproj", "{42DB9E4A-C3F1-4A2C-9DD9-B8453494DF54}"
EndProject
Global
	GlobalSection(SolutionConfigurationPlatforms) = preSolution
		Debug|Any CPU = Debug|Any CPU
		Release|Any CPU = Release|Any CPU
	EndGlobalSection
	GlobalSection(ProjectConfigurationPlatforms) = postSolution
		{42DB9E4A-C3F1-4A2C-9DD9-B8453494DF54}.Debug|Any CPU.ActiveCfg = Debug|Any CPU
		{42DB9E4A-C3F1-4A2C-9DD9-B8453494DF54}.Debug|Any CPU.Build.0 = Debug|Any CPU
		{42DB9E4A-C3F1-4A2C-9DD9-B8453494DF54}.Release|Any CPU.ActiveCfg = Release|Any CPU
		{42DB9E4A-C3F1-4A2C-9DD9-B8453494DF54}.Release|Any CPU.Build.0 = Release|Any CPU
	EndGlobalSection
	GlobalSection(SolutionProperties) = preSolution
		HideSolutionNode = FALSE
	EndGlobalSection
	GlobalSection(ExtensibilityGlobals) = postSolution
		SolutionGuid = {A60E4DE5-D0A2-432F-B745-088EF0E07865}
	EndGlobalSection
EndGlobal
